
Microsoft Visual Studio Solution File, Format Version 12.00
# Visual Studio 15
VisualStudioVersion = 15.0.27130.2027
MinimumVisualStudioVersion = 10.0.40219.1
Project("{8BC9CEB8-8B4A-11D0-8D11-00A0C91BC942}") = "Client", "Client\Client.vcxproj", "{DEB2FC37-835B-414F-B027-BE23524610D1}"
EndProject
Global
	GlobalSection(SolutionConfigurationPlatforms) = preSolution
		Debug|x64 = Debug|x64
		Debug|x86 = Debug|x86
		Release|x64 = Release|x64
		Release|x86 = Release|x86
	EndGlobalSection
	GlobalSection(ProjectConfigurationPlatforms) = postSolution
		{DEB2FC37-835B-414F-B027-BE23524610D1}.Debug|x64.ActiveCfg = Debug|x64
		{DEB2FC37-835B-414F-B027-BE23524610D1}.Debug|x64.Build.0 = Debug|x64
		{DEB2FC37-835B-414F-B027-BE23524610D1}.Debug|x86.ActiveCfg = Debug|Win32
		{DEB2FC37-835B-414F-B027-BE23524610D1}.Debug|x86.Build.0 = Debug|Win32
		{DEB2FC37-835B-414F-B027-BE23524610D1}.Release|x64.ActiveCfg = Release|x64
		{DEB2FC37-835B-414F-B027-BE23524610D1}.Release|x64.Build.0 = Release|x64
		{DEB2FC37-835B-414F-B027-BE23524610D1}.Release|x86.ActiveCfg = Release|Win32
		{DEB2FC37-835B-414F-B027-BE23524610D1}.Release|x86.Build.0 = Release|Win32
	EndGlobalSection
	GlobalSection(SolutionProperties) = preSolution
		HideSolutionNode = FALSE
	EndGlobalSection
	GlobalSection(ExtensibilityGlobals) = postSolution
		SolutionGuid = {E405C50B-1EF9-4533-A00A-4FDBB7022CB7}
	EndGlobalSection
EndGlobal
